{
  "version": 4,
  "terraform_version": "0.12.20",
  "serial": 18,
  "lineage": "72baf770-fb80-957b-4120-3070f30bd904",
  "outputs": {},
  "resources": [
    {
      "mode": "managed",
      "type": "google_container_cluster",
      "name": "cluster-cicd-lab-david",
      "provider": "provider.google",
      "instances": [
        {
          "schema_version": 1,
          "attributes": {
            "additional_zones": [],
            "addons_config": [
              {
                "cloudrun_config": [],
                "horizontal_pod_autoscaling": [],
                "http_load_balancing": [],
                "kubernetes_dashboard": [],
                "network_policy_config": [
                  {
                    "disabled": true
                  }
                ]
              }
            ],
            "authenticator_groups_config": [],
            "cluster_autoscaling": [
              {
                "auto_provisioning_defaults": [],
                "enabled": false,
                "resource_limits": []
              }
            ],
            "cluster_ipv4_cidr": "10.40.0.0/14",
            "database_encryption": [
              {
                "key_name": "",
                "state": "DECRYPTED"
              }
            ],
            "default_max_pods_per_node": null,
            "description": "",
            "enable_binary_authorization": false,
            "enable_intranode_visibility": null,
            "enable_kubernetes_alpha": false,
            "enable_legacy_abac": false,
            "enable_shielded_nodes": false,
            "enable_tpu": null,
            "endpoint": "35.190.141.12",
            "id": "projects/cicd-lab-david/locations/us-east1/clusters/cluster-cicd-lab-david",
            "initial_node_count": 1,
            "instance_group_urls": [],
            "ip_allocation_policy": [],
            "label_fingerprint": "a9dc16a7",
            "location": "us-east1",
            "logging_service": "logging.googleapis.com/kubernetes",
            "maintenance_policy": [],
            "master_auth": [
              {
                "client_certificate": "",
                "client_certificate_config": [
                  {
                    "issue_client_certificate": false
                  }
                ],
                "client_key": "",
                "cluster_ca_certificate": "LS0tLS1CRUdJTiBDRVJUSUZJQ0FURS0tLS0tCk1JSURLakNDQWhLZ0F3SUJBZ0lRRHR0TkVtOGlXYjAwUmZUdW1tNHB4ekFOQmdrcWhraUc5dzBCQVFzRkFEQXYKTVMwd0t3WURWUVFERXlRd01Ua3hPRFV3TVMxaU5HUTBMVFJoTUdZdFlqVmlNeTB3WmpCaE1HWmlZbVl6TW1JdwpIaGNOTWpBd09USXdNRE13TnpJNVdoY05NalV3T1RFNU1EUXdOekk1V2pBdk1TMHdLd1lEVlFRREV5UXdNVGt4Ck9EVXdNUzFpTkdRMExUUmhNR1l0WWpWaU15MHdaakJoTUdaaVltWXpNbUl3Z2dFaU1BMEdDU3FHU0liM0RRRUIKQVFVQUE0SUJEd0F3Z2dFS0FvSUJBUUNxVUhOTVN4WDNZQ1BFaitjM01zSWc4c2ZQenloaVIwT2oyYUhmb1dubQoydndKSk1acWNNQ295cXp5U3RqbGpaNzFpYXM3MUNrcVVBODgvd3FkNE5renozWjlqOFJsc2lqNEYyTHg0MkM1CjdqSEdpNmxYK3F4VnBINER2UU1zVGxVcFA1b3Q2N3RwZ2g3eXFDYWt1cWxjdFR1cnowMDB2MHdEYUJuR3JqK2wKQURNQkFzcXVBSVVUMERmYnhPK1hEWjJRcmd5enJvc3dadnNNNHVkbkNFM0tJTit1REJXS0dkcW9Zb2xnRTNoYQpxbWxZdVJmQWp1RTBhMHozSUhKVHRPOE5lMEhLQ0thUEljV1MwWVBPWitCbTYwNUYyNzlwM3V6UG4weThyRDRFCkc3VmY1a2RUeTBLaE90SE5pNnRnbUl1VTdBY29yMnFxcUgrMlBFMG9QbHlKQWdNQkFBR2pRakJBTUE0R0ExVWQKRHdFQi93UUVBd0lDQkRBUEJnTlZIUk1CQWY4RUJUQURBUUgvTUIwR0ExVWREZ1FXQkJUcW54S0dhYmxTVzZ5RQpkWURmdnZPdVFCb3RWVEFOQmdrcWhraUc5dzBCQVFzRkFBT0NBUUVBZVk0aDBnWm52dkVHT2ZxSUxjU3I5NFplCmFXRVBqcCtiUldZRkJ6TW1EK2dMQUMwVGExVHQwUVJnRUZVTitDcVZ3Mlo4ZDhRYTE3WGdlUzFxS0o3azRQV00KK0haQW8ydVRMKzVKNDN1ejFwSGRPOVk1dVlHUTNRdmtWWWgyS2tZRERTaDdybTgwYSt6K1JxQ2NhTmlxcXF2UQpvWXEwTmlXRm5hQ3p6NU1NREovTEI1eG8xbTJhWkxlNW95NnkxM1JabVN5SHVGcmR3dEhVK3dWS1ZJK09lK2J0CkI0WkhTWTZjbUxnRFF0ZjQ2RUo1VGZFVFA1RjI0bXM2S2djb01IN3EzQm1TWFpsWnRHaC8vYXZJWThadDZ3bTMKaWk4NWQ1dEhMbVRKVlJFL0c3citkZmxISWk4eGZWb25ocllSL2Q2Qk81NFdndTVEWm81QWJkODNySmV6VVE9PQotLS0tLUVORCBDRVJUSUZJQ0FURS0tLS0tCg==",
                "password": "",
                "username": ""
              }
            ],
            "master_authorized_networks_config": [],
            "master_version": "1.15.12-gke.20",
            "min_master_version": null,
            "monitoring_service": "monitoring.googleapis.com/kubernetes",
            "name": "cluster-cicd-lab-david",
            "network": "projects/cicd-lab-david/global/networks/default",
            "network_policy": [
              {
                "enabled": false,
                "provider": "PROVIDER_UNSPECIFIED"
              }
            ],
            "node_config": [],
            "node_locations": [
              "us-east1-b",
              "us-east1-c",
              "us-east1-d"
            ],
            "node_pool": [],
            "node_version": "1.15.12-gke.20",
            "operation": null,
            "pod_security_policy_config": null,
            "private_cluster_config": [],
            "project": "cicd-lab-david",
            "region": null,
            "release_channel": [
              {
                "channel": "UNSPECIFIED"
              }
            ],
            "remove_default_node_pool": true,
            "resource_labels": null,
            "resource_usage_export_config": [],
            "self_link": "https://container.googleapis.com/v1beta1/projects/cicd-lab-david/locations/us-east1/clusters/cluster-cicd-lab-david",
            "services_ipv4_cidr": "10.43.240.0/20",
            "subnetwork": "projects/cicd-lab-david/regions/us-east1/subnetworks/default",
            "timeouts": null,
            "vertical_pod_autoscaling": [],
            "workload_identity_config": [],
            "zone": null
          },
          "private": "eyJlMmJmYjczMC1lY2FhLTExZTYtOGY4OC0zNDM2M2JjN2M0YzAiOnsiY3JlYXRlIjoyNDAwMDAwMDAwMDAwLCJkZWxldGUiOjI0MDAwMDAwMDAwMDAsInJlYWQiOjI0MDAwMDAwMDAwMDAsInVwZGF0ZSI6MzYwMDAwMDAwMDAwMH0sInNjaGVtYV92ZXJzaW9uIjoiMSJ9"
        }
      ]
    },
    {
      "mode": "managed",
      "type": "google_container_node_pool",
      "name": "cluster-cicd-lab-david-node-pool",
      "provider": "provider.google",
      "instances": [
        {
          "schema_version": 1,
          "attributes": {
            "autoscaling": [],
            "cluster": "cluster-cicd-lab-david",
            "id": "projects/cicd-lab-david/locations/us-east1/clusters/cluster-cicd-lab-david/nodePools/node-pool-cicd-lab-david",
            "initial_node_count": 1,
            "instance_group_urls": [
              "https://www.googleapis.com/compute/v1/projects/cicd-lab-david/zones/us-east1-b/instanceGroupManagers/gke-cluster-cicd-lab-node-pool-cicd-l-2ebf6c6b-grp",
              "https://www.googleapis.com/compute/v1/projects/cicd-lab-david/zones/us-east1-d/instanceGroupManagers/gke-cluster-cicd-lab-node-pool-cicd-l-98136e28-grp",
              "https://www.googleapis.com/compute/v1/projects/cicd-lab-david/zones/us-east1-c/instanceGroupManagers/gke-cluster-cicd-lab-node-pool-cicd-l-32fac733-grp"
            ],
            "location": "us-east1",
            "management": [
              {
                "auto_repair": true,
                "auto_upgrade": true
              }
            ],
            "max_pods_per_node": null,
            "name": "node-pool-cicd-lab-david",
            "name_prefix": "",
            "node_config": [
              {
                "disk_size_gb": 75,
                "disk_type": "pd-ssd",
                "guest_accelerator": [],
                "image_type": "COS",
                "labels": {},
                "local_ssd_count": 0,
                "machine_type": "n1-standard-2",
                "metadata": {
                  "disable-legacy-endpoints": "true"
                },
                "min_cpu_platform": "",
                "oauth_scopes": [
                  "https://www.googleapis.com/auth/cloud-platform",
                  "https://www.googleapis.com/auth/logging.write",
                  "https://www.googleapis.com/auth/monitoring"
                ],
                "preemptible": false,
                "sandbox_config": [],
                "service_account": "default",
                "shielded_instance_config": [
                  {
                    "enable_integrity_monitoring": true,
                    "enable_secure_boot": false
                  }
                ],
                "tags": null,
                "taint": [],
                "workload_metadata_config": []
              }
            ],
            "node_count": 1,
            "node_locations": [
              "us-east1-b",
              "us-east1-c",
              "us-east1-d"
            ],
            "project": "cicd-lab-david",
            "region": null,
            "timeouts": null,
            "upgrade_settings": [
              {
                "max_surge": 1,
                "max_unavailable": 0
              }
            ],
            "version": "1.15.12-gke.20",
            "zone": null
          },
          "private": "eyJlMmJmYjczMC1lY2FhLTExZTYtOGY4OC0zNDM2M2JjN2M0YzAiOnsiY3JlYXRlIjoxODAwMDAwMDAwMDAwLCJkZWxldGUiOjE4MDAwMDAwMDAwMDAsInVwZGF0ZSI6MTgwMDAwMDAwMDAwMH0sInNjaGVtYV92ZXJzaW9uIjoiMSJ9",
          "dependencies": [
            "google_container_cluster.cluster-cicd-lab-david"
          ]
        }
      ]
    }
  ]
}
